
Microsoft Visual Studio Solution File, Format Version 12.00
Project("{2150E333-8FDC-42A3-9474-1A3956D46DE8}") = "src", "src", "{B4B217AF-5B0D-4174-B3A4-3B0007A0EDE3}"
EndProject
Project("{2150E333-8FDC-42A3-9474-1A3956D46DE8}") = "tests", "tests", "{24785D40-5BF8-4301-8CC8-DFE4E31CD60C}"
EndProject
Project("{FAE04EC0-301F-11D3-BF4B-00C04F79EFBC}") = "ConsoleUI", "src\ConsoleUI\ConsoleUI.csproj", "{FC6430AB-EE25-4F47-95AF-F31503EA3118}"
EndProject
Project("{FAE04EC0-301F-11D3-BF4B-00C04F79EFBC}") = "Domain", "src\Domain\Domain.csproj", "{302A1F5E-E269-4429-B723-AA7974140344}"
EndProject
Project("{FAE04EC0-301F-11D3-BF4B-00C04F79EFBC}") = "SharedKernel", "src\SharedKernel\SharedKernel.csproj", "{3F5A2CE9-DF86-47FF-92F9-F9A847603DBC}"
EndProject
Project("{FAE04EC0-301F-11D3-BF4B-00C04F79EFBC}") = "Application", "src\Application\Application.csproj", "{B624E603-3C3F-489B-91A2-EDFFBB566CBA}"
EndProject
Project("{FAE04EC0-301F-11D3-BF4B-00C04F79EFBC}") = "Persistence", "src\Persistence\Persistence.csproj", "{789353C1-67FC-4D26-AF69-EC499F0ADBE0}"
EndProject
Project("{FAE04EC0-301F-11D3-BF4B-00C04F79EFBC}") = "Infrastructure", "src\Infrastructure\Infrastructure.csproj", "{1226E023-2695-4C43-9DDE-C362F5D06BCB}"
EndProject
Project("{FAE04EC0-301F-11D3-BF4B-00C04F79EFBC}") = "Presentation", "src\Presentation\Presentation.csproj", "{B4A42C64-02C5-4EE3-BF47-D23D1611F2EC}"
EndProject
Project("{FAE04EC0-301F-11D3-BF4B-00C04F79EFBC}") = "WebApi", "src\WebApi\WebApi.csproj", "{E50CE527-FC6A-4076-8D0B-488939926F32}"
EndProject
Project("{FAE04EC0-301F-11D3-BF4B-00C04F79EFBC}") = "Integration", "tests\Integration\Integration.csproj", "{26975397-252A-4DA6-AB69-067177051491}"
EndProject
Project("{FAE04EC0-301F-11D3-BF4B-00C04F79EFBC}") = "Unit", "tests\Unit\Unit.csproj", "{DC2DCA62-B4A3-4330-A0B9-C2B29C0B429C}"
EndProject
Project("{FAE04EC0-301F-11D3-BF4B-00C04F79EFBC}") = "Functional", "tests\Functional\Functional.csproj", "{CA3997CF-39E2-47C3-9D20-7423FF42339D}"
EndProject
Project("{FAE04EC0-301F-11D3-BF4B-00C04F79EFBC}") = "Benchmarks", "tests\Benchmarks\Benchmarks.csproj", "{5D03819A-55BA-4445-9985-316881FD4C86}"
EndProject
Project("{FAE04EC0-301F-11D3-BF4B-00C04F79EFBC}") = "Architecture", "tests\Architecture\Architecture.csproj", "{55F867E4-9305-470E-ADDD-82E5D1ED1A23}"
EndProject
Global
	GlobalSection(SolutionConfigurationPlatforms) = preSolution
		Debug|Any CPU = Debug|Any CPU
		Release|Any CPU = Release|Any CPU
	EndGlobalSection
	GlobalSection(NestedProjects) = preSolution
		{FC6430AB-EE25-4F47-95AF-F31503EA3118} = {B4B217AF-5B0D-4174-B3A4-3B0007A0EDE3}
		{302A1F5E-E269-4429-B723-AA7974140344} = {B4B217AF-5B0D-4174-B3A4-3B0007A0EDE3}
		{3F5A2CE9-DF86-47FF-92F9-F9A847603DBC} = {B4B217AF-5B0D-4174-B3A4-3B0007A0EDE3}
		{B624E603-3C3F-489B-91A2-EDFFBB566CBA} = {B4B217AF-5B0D-4174-B3A4-3B0007A0EDE3}
		{789353C1-67FC-4D26-AF69-EC499F0ADBE0} = {B4B217AF-5B0D-4174-B3A4-3B0007A0EDE3}
		{1226E023-2695-4C43-9DDE-C362F5D06BCB} = {B4B217AF-5B0D-4174-B3A4-3B0007A0EDE3}
		{B4A42C64-02C5-4EE3-BF47-D23D1611F2EC} = {B4B217AF-5B0D-4174-B3A4-3B0007A0EDE3}
		{E50CE527-FC6A-4076-8D0B-488939926F32} = {B4B217AF-5B0D-4174-B3A4-3B0007A0EDE3}
		{26975397-252A-4DA6-AB69-067177051491} = {24785D40-5BF8-4301-8CC8-DFE4E31CD60C}
		{DC2DCA62-B4A3-4330-A0B9-C2B29C0B429C} = {24785D40-5BF8-4301-8CC8-DFE4E31CD60C}
		{CA3997CF-39E2-47C3-9D20-7423FF42339D} = {24785D40-5BF8-4301-8CC8-DFE4E31CD60C}
		{5D03819A-55BA-4445-9985-316881FD4C86} = {24785D40-5BF8-4301-8CC8-DFE4E31CD60C}
		{55F867E4-9305-470E-ADDD-82E5D1ED1A23} = {24785D40-5BF8-4301-8CC8-DFE4E31CD60C}
	EndGlobalSection
	GlobalSection(ProjectConfigurationPlatforms) = postSolution
		{FC6430AB-EE25-4F47-95AF-F31503EA3118}.Debug|Any CPU.ActiveCfg = Debug|Any CPU
		{FC6430AB-EE25-4F47-95AF-F31503EA3118}.Debug|Any CPU.Build.0 = Debug|Any CPU
		{FC6430AB-EE25-4F47-95AF-F31503EA3118}.Release|Any CPU.ActiveCfg = Release|Any CPU
		{FC6430AB-EE25-4F47-95AF-F31503EA3118}.Release|Any CPU.Build.0 = Release|Any CPU
		{302A1F5E-E269-4429-B723-AA7974140344}.Debug|Any CPU.ActiveCfg = Debug|Any CPU
		{302A1F5E-E269-4429-B723-AA7974140344}.Debug|Any CPU.Build.0 = Debug|Any CPU
		{302A1F5E-E269-4429-B723-AA7974140344}.Release|Any CPU.ActiveCfg = Release|Any CPU
		{302A1F5E-E269-4429-B723-AA7974140344}.Release|Any CPU.Build.0 = Release|Any CPU
		{3F5A2CE9-DF86-47FF-92F9-F9A847603DBC}.Debug|Any CPU.ActiveCfg = Debug|Any CPU
		{3F5A2CE9-DF86-47FF-92F9-F9A847603DBC}.Debug|Any CPU.Build.0 = Debug|Any CPU
		{3F5A2CE9-DF86-47FF-92F9-F9A847603DBC}.Release|Any CPU.ActiveCfg = Release|Any CPU
		{3F5A2CE9-DF86-47FF-92F9-F9A847603DBC}.Release|Any CPU.Build.0 = Release|Any CPU
		{B624E603-3C3F-489B-91A2-EDFFBB566CBA}.Debug|Any CPU.ActiveCfg = Debug|Any CPU
		{B624E603-3C3F-489B-91A2-EDFFBB566CBA}.Debug|Any CPU.Build.0 = Debug|Any CPU
		{B624E603-3C3F-489B-91A2-EDFFBB566CBA}.Release|Any CPU.ActiveCfg = Release|Any CPU
		{B624E603-3C3F-489B-91A2-EDFFBB566CBA}.Release|Any CPU.Build.0 = Release|Any CPU
		{789353C1-67FC-4D26-AF69-EC499F0ADBE0}.Debug|Any CPU.ActiveCfg = Debug|Any CPU
		{789353C1-67FC-4D26-AF69-EC499F0ADBE0}.Debug|Any CPU.Build.0 = Debug|Any CPU
		{789353C1-67FC-4D26-AF69-EC499F0ADBE0}.Release|Any CPU.ActiveCfg = Release|Any CPU
		{789353C1-67FC-4D26-AF69-EC499F0ADBE0}.Release|Any CPU.Build.0 = Release|Any CPU
		{1226E023-2695-4C43-9DDE-C362F5D06BCB}.Debug|Any CPU.ActiveCfg = Debug|Any CPU
		{1226E023-2695-4C43-9DDE-C362F5D06BCB}.Debug|Any CPU.Build.0 = Debug|Any CPU
		{1226E023-2695-4C43-9DDE-C362F5D06BCB}.Release|Any CPU.ActiveCfg = Release|Any CPU
		{1226E023-2695-4C43-9DDE-C362F5D06BCB}.Release|Any CPU.Build.0 = Release|Any CPU
		{B4A42C64-02C5-4EE3-BF47-D23D1611F2EC}.Debug|Any CPU.ActiveCfg = Debug|Any CPU
		{B4A42C64-02C5-4EE3-BF47-D23D1611F2EC}.Debug|Any CPU.Build.0 = Debug|Any CPU
		{B4A42C64-02C5-4EE3-BF47-D23D1611F2EC}.Release|Any CPU.ActiveCfg = Release|Any CPU
		{B4A42C64-02C5-4EE3-BF47-D23D1611F2EC}.Release|Any CPU.Build.0 = Release|Any CPU
		{E50CE527-FC6A-4076-8D0B-488939926F32}.Debug|Any CPU.ActiveCfg = Debug|Any CPU
		{E50CE527-FC6A-4076-8D0B-488939926F32}.Debug|Any CPU.Build.0 = Debug|Any CPU
		{E50CE527-FC6A-4076-8D0B-488939926F32}.Release|Any CPU.ActiveCfg = Release|Any CPU
		{E50CE527-FC6A-4076-8D0B-488939926F32}.Release|Any CPU.Build.0 = Release|Any CPU
		{26975397-252A-4DA6-AB69-067177051491}.Debug|Any CPU.ActiveCfg = Debug|Any CPU
		{26975397-252A-4DA6-AB69-067177051491}.Debug|Any CPU.Build.0 = Debug|Any CPU
		{26975397-252A-4DA6-AB69-067177051491}.Release|Any CPU.ActiveCfg = Release|Any CPU
		{26975397-252A-4DA6-AB69-067177051491}.Release|Any CPU.Build.0 = Release|Any CPU
		{DC2DCA62-B4A3-4330-A0B9-C2B29C0B429C}.Debug|Any CPU.ActiveCfg = Debug|Any CPU
		{DC2DCA62-B4A3-4330-A0B9-C2B29C0B429C}.Debug|Any CPU.Build.0 = Debug|Any CPU
		{DC2DCA62-B4A3-4330-A0B9-C2B29C0B429C}.Release|Any CPU.ActiveCfg = Release|Any CPU
		{DC2DCA62-B4A3-4330-A0B9-C2B29C0B429C}.Release|Any CPU.Build.0 = Release|Any CPU
		{CA3997CF-39E2-47C3-9D20-7423FF42339D}.Debug|Any CPU.ActiveCfg = Debug|Any CPU
		{CA3997CF-39E2-47C3-9D20-7423FF42339D}.Debug|Any CPU.Build.0 = Debug|Any CPU
		{CA3997CF-39E2-47C3-9D20-7423FF42339D}.Release|Any CPU.ActiveCfg = Release|Any CPU
		{CA3997CF-39E2-47C3-9D20-7423FF42339D}.Release|Any CPU.Build.0 = Release|Any CPU
		{5D03819A-55BA-4445-9985-316881FD4C86}.Debug|Any CPU.ActiveCfg = Debug|Any CPU
		{5D03819A-55BA-4445-9985-316881FD4C86}.Debug|Any CPU.Build.0 = Debug|Any CPU
		{5D03819A-55BA-4445-9985-316881FD4C86}.Release|Any CPU.ActiveCfg = Release|Any CPU
		{5D03819A-55BA-4445-9985-316881FD4C86}.Release|Any CPU.Build.0 = Release|Any CPU
		{55F867E4-9305-470E-ADDD-82E5D1ED1A23}.Debug|Any CPU.ActiveCfg = Debug|Any CPU
		{55F867E4-9305-470E-ADDD-82E5D1ED1A23}.Debug|Any CPU.Build.0 = Debug|Any CPU
		{55F867E4-9305-470E-ADDD-82E5D1ED1A23}.Release|Any CPU.ActiveCfg = Release|Any CPU
		{55F867E4-9305-470E-ADDD-82E5D1ED1A23}.Release|Any CPU.Build.0 = Release|Any CPU
	EndGlobalSection
EndGlobal
